// !$*UTF8*$!
{
	archiveVersion = 1;
	classes = {};
	objectVersion = 56;
	objects = {

/* Begin PBXBuildFile section */
		1B07D16B30DC7C626A1B23E1 /* HlusiKinoApp.swift in Sources */ = {isa = PBXBuildFile; fileRef = 9A3DA4B7C31FEBAC5CC82383 /* HlusiKinoApp.swift */; };
		03E37C6C692FC9ED5C713652 /* App.swift in Sources */ = {isa = PBXBuildFile; fileRef = B67283F0C625C0DE6C7F9FF0 /* App.swift */; };
		8C07158EF90DCF09C71DA19A /* ContentView.swift in Sources */ = {isa = PBXBuildFile; fileRef = CAE4ECBA30503E49B76605F1 /* ContentView.swift */; };
		7D5E63A44791F873C47FE065 /* SettingsView.swift in Sources */ = {isa = PBXBuildFile; fileRef = EF33FC94E43670D793CBFE8D /* SettingsView.swift */; };
		2771F69BAF9105CDB291DAAC /* ColorExtension.swift in Sources */ = {isa = PBXBuildFile; fileRef = 09FD4467661E081AD298B495 /* ColorExtension.swift */; };
		0B4E499B77F3101653631497 /* Profile.swift in Sources */ = {isa = PBXBuildFile; fileRef = D8B356908A373013684CE01F /* Profile.swift */; };
		4EA99CD03A241B5BA13EBCA4 /* MediaItem.swift in Sources */ = {isa = PBXBuildFile; fileRef = DA9C0624D1A9A80247B6C53B /* MediaItem.swift */; };
		9AE8362564C369B5B3F22CD2 /* SportChannel.swift in Sources */ = {isa = PBXBuildFile; fileRef = EB0BB73EF5E2D4C0BE9BD9AA /* SportChannel.swift */; };
		16B293D3BC9FF8140A44D217 /* EPGEvent.swift in Sources */ = {isa = PBXBuildFile; fileRef = D859B7BEAA157E26FD2EF590 /* EPGEvent.swift */; };
		5C98BD1000D34F45287CFAC9 /* TMDbService.swift in Sources */ = {isa = PBXBuildFile; fileRef = 60A7350B87D68DC9CD98081E /* TMDbService.swift */; };
		49C5E615DBB3CB641E6E7CC3 /* EPGService.swift in Sources */ = {isa = PBXBuildFile; fileRef = B63FBCCBC8629001C1941B31 /* EPGService.swift */; };
		0B6C43930E18598441BE9E9F /* StorageService.swift in Sources */ = {isa = PBXBuildFile; fileRef = 18E90DA8B289F6704E084879 /* StorageService.swift */; };
		E2ECA6D67B767823F088FA9E /* ProfileGate.swift in Sources */ = {isa = PBXBuildFile; fileRef = D6C971A329FB0900BCB7F09A /* ProfileGate.swift */; };
		BA95F91EA0EB95CD46ED2AE2 /* HomeView.swift in Sources */ = {isa = PBXBuildFile; fileRef = D2838FC76FF28E057B50379F /* HomeView.swift */; };
		336C10F2CD0F6EC7CF992BEA /* SearchView.swift in Sources */ = {isa = PBXBuildFile; fileRef = 1BE031E7E1653D51D3B1C8AD /* SearchView.swift */; };
		CEBF0B6E40826E824C8837E0 /* DetailView.swift in Sources */ = {isa = PBXBuildFile; fileRef = 63EE4E7752DEEEC128F2A337 /* DetailView.swift */; };
		62A6751BFD6119746B075CB5 /* PlayerView.swift in Sources */ = {isa = PBXBuildFile; fileRef = 70942B148F2DDA5C5ACAAEFB /* PlayerView.swift */; };
		E87A2878A6DBFF651E258BDF /* WatchlistManagerView.swift in Sources */ = {isa = PBXBuildFile; fileRef = 3862571D563583AD224C1B96 /* WatchlistManagerView.swift */; };
		FAFFFEB88C1D88335DFFA48A /* ImportView.swift in Sources */ = {isa = PBXBuildFile; fileRef = 18AFB12E753D0EFCB8FB6B8A /* ImportView.swift */; };
		F3DED554D066DA47EFE75C86 /* ChannelListView.swift in Sources */ = {isa = PBXBuildFile; fileRef = 5A6CAA27C7B94B1D74BAAFB7 /* ChannelListView.swift */; };
		FCF3F3226FCD5D5AA7836E0C /* ChannelPlayerView.swift in Sources */ = {isa = PBXBuildFile; fileRef = 1FD54759A4C84302C25C7738 /* ChannelPlayerView.swift */; };
		F8C45AD3337D135E27EA5F0A /* EPGView.swift in Sources */ = {isa = PBXBuildFile; fileRef = 8BA284C6D7AE19F90C3141E7 /* EPGView.swift */; };
/* End PBXBuildFile section */

/* Begin PBXFileReference section */
		041FA0E12F2BDC7FF9AD950F /* HlusiKino.app */ = {isa = PBXFileReference; explicitFileType = wrapper.application; includeInIndex = 0; path = HlusiKino.app; sourceTree = BUILT_PRODUCTS_DIR; };
		9A3DA4B7C31FEBAC5CC82383 /* HlusiKinoApp.swift */ = {isa = PBXFileReference; lastKnownFileType = sourcecode.swift; name = "HlusiKinoApp.swift"; path = "HlusiKinoApp.swift"; sourceTree = "<group>"; };
		B67283F0C625C0DE6C7F9FF0 /* App.swift */ = {isa = PBXFileReference; lastKnownFileType = sourcecode.swift; name = "App.swift"; path = "App.swift"; sourceTree = "<group>"; };
		CAE4ECBA30503E49B76605F1 /* ContentView.swift */ = {isa = PBXFileReference; lastKnownFileType = sourcecode.swift; name = "ContentView.swift"; path = "ContentView.swift"; sourceTree = "<group>"; };
		EF33FC94E43670D793CBFE8D /* SettingsView.swift */ = {isa = PBXFileReference; lastKnownFileType = sourcecode.swift; name = "SettingsView.swift"; path = "SettingsView.swift"; sourceTree = "<group>"; };
		09FD4467661E081AD298B495 /* ColorExtension.swift */ = {isa = PBXFileReference; lastKnownFileType = sourcecode.swift; name = "ColorExtension.swift"; path = "ColorExtension.swift"; sourceTree = "<group>"; };
		D8B356908A373013684CE01F /* Profile.swift */ = {isa = PBXFileReference; lastKnownFileType = sourcecode.swift; name = "Profile.swift"; path = "Models/Profile.swift"; sourceTree = "<group>"; };
		DA9C0624D1A9A80247B6C53B /* MediaItem.swift */ = {isa = PBXFileReference; lastKnownFileType = sourcecode.swift; name = "MediaItem.swift"; path = "Models/MediaItem.swift"; sourceTree = "<group>"; };
		EB0BB73EF5E2D4C0BE9BD9AA /* SportChannel.swift */ = {isa = PBXFileReference; lastKnownFileType = sourcecode.swift; name = "SportChannel.swift"; path = "Models/SportChannel.swift"; sourceTree = "<group>"; };
		D859B7BEAA157E26FD2EF590 /* EPGEvent.swift */ = {isa = PBXFileReference; lastKnownFileType = sourcecode.swift; name = "EPGEvent.swift"; path = "Models/EPGEvent.swift"; sourceTree = "<group>"; };
		60A7350B87D68DC9CD98081E /* TMDbService.swift */ = {isa = PBXFileReference; lastKnownFileType = sourcecode.swift; name = "TMDbService.swift"; path = "Services/TMDbService.swift"; sourceTree = "<group>"; };
		B63FBCCBC8629001C1941B31 /* EPGService.swift */ = {isa = PBXFileReference; lastKnownFileType = sourcecode.swift; name = "EPGService.swift"; path = "Services/EPGService.swift"; sourceTree = "<group>"; };
		18E90DA8B289F6704E084879 /* StorageService.swift */ = {isa = PBXFileReference; lastKnownFileType = sourcecode.swift; name = "StorageService.swift"; path = "Services/StorageService.swift"; sourceTree = "<group>"; };
		D6C971A329FB0900BCB7F09A /* ProfileGate.swift */ = {isa = PBXFileReference; lastKnownFileType = sourcecode.swift; name = "ProfileGate.swift"; path = "Views/Kino/ProfileGate.swift"; sourceTree = "<group>"; };
		D2838FC76FF28E057B50379F /* HomeView.swift */ = {isa = PBXFileReference; lastKnownFileType = sourcecode.swift; name = "HomeView.swift"; path = "Views/Kino/HomeView.swift"; sourceTree = "<group>"; };
		1BE031E7E1653D51D3B1C8AD /* SearchView.swift */ = {isa = PBXFileReference; lastKnownFileType = sourcecode.swift; name = "SearchView.swift"; path = "Views/Kino/SearchView.swift"; sourceTree = "<group>"; };
		63EE4E7752DEEEC128F2A337 /* DetailView.swift */ = {isa = PBXFileReference; lastKnownFileType = sourcecode.swift; name = "DetailView.swift"; path = "Views/Kino/DetailView.swift"; sourceTree = "<group>"; };
		70942B148F2DDA5C5ACAAEFB /* PlayerView.swift */ = {isa = PBXFileReference; lastKnownFileType = sourcecode.swift; name = "PlayerView.swift"; path = "Views/Kino/PlayerView.swift"; sourceTree = "<group>"; };
		3862571D563583AD224C1B96 /* WatchlistManagerView.swift */ = {isa = PBXFileReference; lastKnownFileType = sourcecode.swift; name = "WatchlistManagerView.swift"; path = "Views/Kino/WatchlistManagerView.swift"; sourceTree = "<group>"; };
		18AFB12E753D0EFCB8FB6B8A /* ImportView.swift */ = {isa = PBXFileReference; lastKnownFileType = sourcecode.swift; name = "ImportView.swift"; path = "Views/Kino/ImportView.swift"; sourceTree = "<group>"; };
		5A6CAA27C7B94B1D74BAAFB7 /* ChannelListView.swift */ = {isa = PBXFileReference; lastKnownFileType = sourcecode.swift; name = "ChannelListView.swift"; path = "Views/Sport/ChannelListView.swift"; sourceTree = "<group>"; };
		1FD54759A4C84302C25C7738 /* ChannelPlayerView.swift */ = {isa = PBXFileReference; lastKnownFileType = sourcecode.swift; name = "ChannelPlayerView.swift"; path = "Views/Sport/ChannelPlayerView.swift"; sourceTree = "<group>"; };
		8BA284C6D7AE19F90C3141E7 /* EPGView.swift */ = {isa = PBXFileReference; lastKnownFileType = sourcecode.swift; name = "EPGView.swift"; path = "Views/Sport/EPGView.swift"; sourceTree = "<group>"; };
		E8C2788728AF0EEBFC53CD47 /* channels.json */ = {isa = PBXFileReference; lastKnownFileType = text.json; name = "channels.json"; path = "Resources/channels.json"; sourceTree = "<group>"; };
		331B3E425EF4B67A6BD0F062 /* Contents.json */ = {isa = PBXFileReference; lastKnownFileType = text.json; name = "Contents.json"; path = "Resources/Assets.xcassets/Contents.json"; sourceTree = "<group>"; };
		C13EAADF5694419726419DC4 /* Info.plist */ = {isa = PBXFileReference; lastKnownFileType = text.plist.xml; name = "Info.plist"; path = "Info.plist"; sourceTree = "<group>"; };
/* End PBXFileReference section */

/* Begin PBXGroup section */
		9C2ECCECBF1BD235E17368F8 = {
			isa = PBXGroup;
			children = (
				9A3DA4B7C31FEBAC5CC82383 /* HlusiKinoApp.swift */,
				B67283F0C625C0DE6C7F9FF0 /* App.swift */,
				CAE4ECBA30503E49B76605F1 /* ContentView.swift */,
				EF33FC94E43670D793CBFE8D /* SettingsView.swift */,
				09FD4467661E081AD298B495 /* ColorExtension.swift */,
				73844DED71E1D99D63207597 /* Models */,
				25E373960067420AB5012E15 /* Services */,
				3C1EBF6B0BD5602EC5EA544E /* Kino */,
				82BEF6379C88F08C30FD2CFD /* Sport */,
				FFE8D62EBCB495C74DFA5960 /* Resources */,
				C13EAADF5694419726419DC4 /* Info.plist */,
			);
			sourceTree = "<group>";
		};
		73844DED71E1D99D63207597 = {
			isa = PBXGroup;
			children = (
				D8B356908A373013684CE01F /* Profile.swift */,
				DA9C0624D1A9A80247B6C53B /* MediaItem.swift */,
				EB0BB73EF5E2D4C0BE9BD9AA /* SportChannel.swift */,
				D859B7BEAA157E26FD2EF590 /* EPGEvent.swift */,
			);
			path = Models;
			sourceTree = "<group>";
		};
		25E373960067420AB5012E15 = {
			isa = PBXGroup;
			children = (
				60A7350B87D68DC9CD98081E /* TMDbService.swift */,
				B63FBCCBC8629001C1941B31 /* EPGService.swift */,
				18E90DA8B289F6704E084879 /* StorageService.swift */,
			);
			path = Services;
			sourceTree = "<group>";
		};
		3C1EBF6B0BD5602EC5EA544E = {
			isa = PBXGroup;
			children = (
				D6C971A329FB0900BCB7F09A /* ProfileGate.swift */,
				D2838FC76FF28E057B50379F /* HomeView.swift */,
				1BE031E7E1653D51D3B1C8AD /* SearchView.swift */,
				63EE4E7752DEEEC128F2A337 /* DetailView.swift */,
				70942B148F2DDA5C5ACAAEFB /* PlayerView.swift */,
				3862571D563583AD224C1B96 /* WatchlistManagerView.swift */,
				18AFB12E753D0EFCB8FB6B8A /* ImportView.swift */,
			);
			path = Kino;
			sourceTree = "<group>";
		};
		82BEF6379C88F08C30FD2CFD = {
			isa = PBXGroup;
			children = (
				5A6CAA27C7B94B1D74BAAFB7 /* ChannelListView.swift */,
				1FD54759A4C84302C25C7738 /* ChannelPlayerView.swift */,
				8BA284C6D7AE19F90C3141E7 /* EPGView.swift */,
			);
			path = Sport;
			sourceTree = "<group>";
		};
		FFE8D62EBCB495C74DFA5960 = {
			isa = PBXGroup;
			children = (
				E8C2788728AF0EEBFC53CD47 /* channels.json */,
				FBD43D0F2AEDBFC83963FAFC /* Assets.xcassets */,
			);
			path = Resources;
			sourceTree = "<group>";
		};
		FBD43D0F2AEDBFC83963FAFC = {
			isa = PBXGroup;
			children = (
				331B3E425EF4B67A6BD0F062 /* Contents.json */,
			);
			path = Assets.xcassets;
			sourceTree = "<group>";
		};
		B157BC425EAA5DA43AF902E1 = {
			isa = PBXGroup;
			children = (
				041FA0E12F2BDC7FF9AD950F /* HlusiKino.app */,
			);
			sourceTree = "<group>";
		};
/* End PBXGroup section */

/* Begin PBXNativeTarget section */
		741FCBDD1C83C96AFA8F8CE3 /* HlusiKino */ = {
			isa = PBXNativeTarget;
			buildConfigurationList = 54D1BBADC8A4A5F49FC57F02 /* Build configuration list for PBXNativeTarget "HlusiKino" */;
			buildPhases = (
				21C345CA50C6C8EFECF8525F /* Sources */,
			);
			buildRules = ();
			dependencies = ();
			name = HlusiKino;
			productName = HlusiKino;
			productReference = 041FA0E12F2BDC7FF9AD950F /* HlusiKino.app */;
			productType = "com.apple.product-type.application";
		};
/* End PBXNativeTarget section */

/* Begin PBXProject section */
		34FB5269FEF0B936CAAE8C6F /* Project object */ = {
			isa = PBXProject;
			attributes = {
				BuildIndependentTargetsInParallel = 1;
				LastSwiftUpdateCheck = 2600;
				LastUpgradeCheck = 2600;
			};
			buildConfigurationList = 82284CEA5BEA1D7E7BA5EDFF /* Build configuration list for PBXProject "HlusiKino" */;
			compatibilityVersion = "Xcode 14.0";
			developmentRegion = en;
			hasScannedForEncodings = 0;
			knownRegions = (en, Base);
			mainGroup = 9C2ECCECBF1BD235E17368F8;
			productRefGroup = B157BC425EAA5DA43AF902E1 /* Products */;
			projectDirPath = "";
			projectRoot = "";
			targets = (741FCBDD1C83C96AFA8F8CE3 /* HlusiKino */,);
		};
/* End PBXProject section */

/* Begin PBXSourcesBuildPhase section */
		21C345CA50C6C8EFECF8525F /* Sources */ = {
			isa = PBXSourcesBuildPhase;
			buildActionMask = 2147483647;
			files = (
				1B07D16B30DC7C626A1B23E1 /* HlusiKinoApp.swift in Sources */,
				03E37C6C692FC9ED5C713652 /* App.swift in Sources */,
				8C07158EF90DCF09C71DA19A /* ContentView.swift in Sources */,
				7D5E63A44791F873C47FE065 /* SettingsView.swift in Sources */,
				2771F69BAF9105CDB291DAAC /* ColorExtension.swift in Sources */,
				0B4E499B77F3101653631497 /* Profile.swift in Sources */,
				4EA99CD03A241B5BA13EBCA4 /* MediaItem.swift in Sources */,
				9AE8362564C369B5B3F22CD2 /* SportChannel.swift in Sources */,
				16B293D3BC9FF8140A44D217 /* EPGEvent.swift in Sources */,
				5C98BD1000D34F45287CFAC9 /* TMDbService.swift in Sources */,
				49C5E615DBB3CB641E6E7CC3 /* EPGService.swift in Sources */,
				0B6C43930E18598441BE9E9F /* StorageService.swift in Sources */,
				E2ECA6D67B767823F088FA9E /* ProfileGate.swift in Sources */,
				BA95F91EA0EB95CD46ED2AE2 /* HomeView.swift in Sources */,
				336C10F2CD0F6EC7CF992BEA /* SearchView.swift in Sources */,
				CEBF0B6E40826E824C8837E0 /* DetailView.swift in Sources */,
				62A6751BFD6119746B075CB5 /* PlayerView.swift in Sources */,
				E87A2878A6DBFF651E258BDF /* WatchlistManagerView.swift in Sources */,
				FAFFFEB88C1D88335DFFA48A /* ImportView.swift in Sources */,
				F3DED554D066DA47EFE75C86 /* ChannelListView.swift in Sources */,
				FCF3F3226FCD5D5AA7836E0C /* ChannelPlayerView.swift in Sources */,
				F8C45AD3337D135E27EA5F0A /* EPGView.swift in Sources */,
			);
			runOnlyForDeploymentPostprocessing = 0;
		};
/* End PBXSourcesBuildPhase section */

/* Begin XCBuildConfiguration section */
		2A40CD3769585B7C56F51099 /* Debug */ = {
			isa = XCBuildConfiguration;
			buildSettings = {
				ALWAYS_SEARCH_USER_PATHS = NO;
				CLANG_CXX_LANGUAGE_STANDARD = "gnu++20";
				CLANG_ENABLE_MODULES = YES;
				CLANG_ENABLE_OBJC_ARC = YES;
				COPY_PHASE_STRIP = NO;
				ENABLE_STRICT_OBJC_MSGSEND = YES;
				GCC_OPTIMIZATION_LEVEL = 0;
				IPHONEOS_DEPLOYMENT_TARGET = 18.0;
				MTL_ENABLE_DEBUG_INFO = INCLUDE_SOURCE;
				ONLY_ACTIVE_ARCH = YES;
				SDKROOT = iphoneos;
				SWIFT_ACTIVE_COMPILATION_CONDITIONS = DEBUG;
				SWIFT_COMPILATION_MODE = singlefile;
				SWIFT_OPTIMIZATION_LEVEL = "-Onone";
			};
			name = Debug;
		};
		4414FC5603F40ED33260E059 /* Release */ = {
			isa = XCBuildConfiguration;
			buildSettings = {
				ALWAYS_SEARCH_USER_PATHS = NO;
				CLANG_CXX_LANGUAGE_STANDARD = "gnu++20";
				CLANG_ENABLE_MODULES = YES;
				CLANG_ENABLE_OBJC_ARC = YES;
				COPY_PHASE_STRIP = NO;
				ENABLE_NS_ASSERTIONS = NO;
				ENABLE_STRICT_OBJC_MSGSEND = YES;
				GCC_OPTIMIZATION_LEVEL = s;
				IPHONEOS_DEPLOYMENT_TARGET = 18.0;
				MTL_ENABLE_DEBUG_INFO = NO;
				ONLY_ACTIVE_ARCH = NO;
				SDKROOT = iphoneos;
				SWIFT_COMPILATION_MODE = wholemodule;
				SWIFT_OPTIMIZATION_LEVEL = "-O";
			};
			name = Release;
		};
		6D78D5CB60B5A25A9D03C09A /* Debug */ = {
			isa = XCBuildConfiguration;
			buildSettings = {
				ASSETCATALOG_COMPILER_APPICON_NAME = AppIcon;
				CODE_SIGN_IDENTITY = "Apple Development";
				CODE_SIGN_STYLE = Automatic;
				CURRENT_PROJECT_VERSION = 1;
				DEVELOPMENT_TEAM = "";
				INFOPLIST_FILE = HlusiKino/Info.plist;
				LD_RUNPATH_SEARCH_PATHS = "$(inherited) @executable_path/Frameworks";
				MARKETING_VERSION = 1.0;
				PRODUCT_BUNDLE_IDENTIFIER = com.hlusikino.app;
				PRODUCT_NAME = "$(TARGET_NAME)";
				SWIFT_EMIT_LOC_STRINGS = YES;
				SWIFT_VERSION = 5.0;
				TARGETED_DEVICE_FAMILY = 1;
			};
			name = Debug;
		};
		B6C88A094E99F3CC3395AFEE /* Release */ = {
			isa = XCBuildConfiguration;
			buildSettings = {
				ASSETCATALOG_COMPILER_APPICON_NAME = AppIcon;
				CODE_SIGN_IDENTITY = "Apple Development";
				CODE_SIGN_STYLE = Automatic;
				CURRENT_PROJECT_VERSION = 1;
				DEVELOPMENT_TEAM = "";
				INFOPLIST_FILE = HlusiKino/Info.plist;
				LD_RUNPATH_SEARCH_PATHS = "$(inherited) @executable_path/Frameworks";
				MARKETING_VERSION = 1.0;
				PRODUCT_BUNDLE_IDENTIFIER = com.hlusikino.app;
				PRODUCT_NAME = "$(TARGET_NAME)";
				SWIFT_EMIT_LOC_STRINGS = YES;
				SWIFT_VERSION = 5.0;
				TARGETED_DEVICE_FAMILY = 1;
			};
			name = Release;
		};
/* End XCBuildConfiguration section */

/* Begin XCConfigurationList section */
		82284CEA5BEA1D7E7BA5EDFF /* Build configuration list for PBXProject "HlusiKino" */ = {
			isa = XCConfigurationList;
			buildConfigurations = (
				2A40CD3769585B7C56F51099 /* Debug */,
				4414FC5603F40ED33260E059 /* Release */,
			);
			defaultConfigurationIsVisible = 0;
			defaultConfigurationName = Release;
		};
		54D1BBADC8A4A5F49FC57F02 /* Build configuration list for PBXNativeTarget "HlusiKino" */ = {
			isa = XCConfigurationList;
			buildConfigurations = (
				6D78D5CB60B5A25A9D03C09A /* Debug */,
				B6C88A094E99F3CC3395AFEE /* Release */,
			);
			defaultConfigurationIsVisible = 0;
			defaultConfigurationName = Release;
		};
/* End XCConfigurationList section */

	};
	rootObject = 34FB5269FEF0B936CAAE8C6F /* Project object */;
}