// !$*UTF8*$!
{
	archiveVersion = 1;
	classes = {};
	objectVersion = 56;
	objects = {

/* Begin PBXBuildFile section */
		C19D327B20DE302AF3585BF7 /* HlusiKinoApp.swift in Sources */ = {isa = PBXBuildFile; fileRef = 409B91FA75ECAC80859C57AD /* HlusiKinoApp.swift */; };
		F9ECE70E0C3A1BE281AC9BD9 /* App.swift in Sources */ = {isa = PBXBuildFile; fileRef = 48095FEB2BEE33A347DE8BA5 /* App.swift */; };
		59147AEBC62832764076280F /* ContentView.swift in Sources */ = {isa = PBXBuildFile; fileRef = 6DA447CE1DCA07AC054C1043 /* ContentView.swift */; };
		FB3C7F11F420A63C88103C62 /* SettingsView.swift in Sources */ = {isa = PBXBuildFile; fileRef = 1A9E526B329A947776DB4256 /* SettingsView.swift */; };
		09A428D8E2A9C8504BB14065 /* ColorExtension.swift in Sources */ = {isa = PBXBuildFile; fileRef = CD975190A86FA67E21F286D3 /* ColorExtension.swift */; };
		B5EB5FE41B4344627C5B2C0C /* Profile.swift in Sources */ = {isa = PBXBuildFile; fileRef = 1D93ED5D5C262A61D70D9773 /* Profile.swift */; };
		A7757FC277B248C676356A6E /* MediaItem.swift in Sources */ = {isa = PBXBuildFile; fileRef = 999747D03432987A2BDA1E28 /* MediaItem.swift */; };
		DFBD240D302622C451CFEB68 /* SportChannel.swift in Sources */ = {isa = PBXBuildFile; fileRef = 810857A2285F0B8891C1B31B /* SportChannel.swift */; };
		50F399E4385ABCC8FA3464E0 /* EPGEvent.swift in Sources */ = {isa = PBXBuildFile; fileRef = CD66ADDFB825E623DDCBDD4D /* EPGEvent.swift */; };
		76025B29F53121396AC7E3AD /* TMDbService.swift in Sources */ = {isa = PBXBuildFile; fileRef = 65C6B43E646D57E0DC26ADEA /* TMDbService.swift */; };
		1F150601ADFDE67070ECBD45 /* EPGService.swift in Sources */ = {isa = PBXBuildFile; fileRef = EA326EE24B6D328F4BB1D980 /* EPGService.swift */; };
		4958512E24851B5801DBE99A /* StorageService.swift in Sources */ = {isa = PBXBuildFile; fileRef = F2287035AD23A35C45195A95 /* StorageService.swift */; };
		B3D1E8EC2E1A4A10F46B02E9 /* ProfileGate.swift in Sources */ = {isa = PBXBuildFile; fileRef = BAD6090E6D00E21DF151E539 /* ProfileGate.swift */; };
		02508380E4D4218436E1E7CD /* HomeView.swift in Sources */ = {isa = PBXBuildFile; fileRef = 5618C65EA4FED0C0AC469A8C /* HomeView.swift */; };
		47A60ECBCA2B7379ABB7AE4B /* SearchView.swift in Sources */ = {isa = PBXBuildFile; fileRef = B8DEE76F11804F72EAFBC4B0 /* SearchView.swift */; };
		B827F5C0ECCFBB7E0C136A13 /* DetailView.swift in Sources */ = {isa = PBXBuildFile; fileRef = 4575FCFFE1869BB70625CF82 /* DetailView.swift */; };
		DEE832439F5504D78FBCAC4C /* PlayerView.swift in Sources */ = {isa = PBXBuildFile; fileRef = 286B861CC521DD125C017101 /* PlayerView.swift */; };
		18F8D94472F1A32DE09B61F7 /* WatchlistManagerView.swift in Sources */ = {isa = PBXBuildFile; fileRef = 33205B368FF5757D359B2194 /* WatchlistManagerView.swift */; };
		926FBEF90A6589DBFAB093F2 /* ImportView.swift in Sources */ = {isa = PBXBuildFile; fileRef = 761C1ADC6210933F81DCC136 /* ImportView.swift */; };
		029AE6E42BFEDB173EA84F52 /* ChannelListView.swift in Sources */ = {isa = PBXBuildFile; fileRef = 8DECC957F70D70ADECD04980 /* ChannelListView.swift */; };
		012D41B6E5A83A0B47E796AD /* ChannelPlayerView.swift in Sources */ = {isa = PBXBuildFile; fileRef = EAD9DCE76DD8D2CD6E677476 /* ChannelPlayerView.swift */; };
		20BCDFBD31314AB622242502 /* EPGView.swift in Sources */ = {isa = PBXBuildFile; fileRef = 32DCF41FD537E373D7552BC9 /* EPGView.swift */; };
		FCF1C02CA7D5002AC68789C0 /* ChannelData.swift in Sources */ = {isa = PBXBuildFile; fileRef = C6697EC5CCFC03708DE24CC3 /* ChannelData.swift */; };
/* End PBXBuildFile section */

/* Begin PBXFileReference section */
		E69A5C86F190C5DEEC829C89 /* HlusiKino.app */ = {isa = PBXFileReference; explicitFileType = wrapper.application; includeInIndex = 0; path = HlusiKino.app; sourceTree = BUILT_PRODUCTS_DIR; };
		409B91FA75ECAC80859C57AD /* HlusiKinoApp.swift */ = {isa = PBXFileReference; lastKnownFileType = sourcecode.swift; name = "HlusiKinoApp.swift"; path = "HlusiKino/HlusiKinoApp.swift"; sourceTree = "<group>"; };
		48095FEB2BEE33A347DE8BA5 /* App.swift */ = {isa = PBXFileReference; lastKnownFileType = sourcecode.swift; name = "App.swift"; path = "HlusiKino/App.swift"; sourceTree = "<group>"; };
		6DA447CE1DCA07AC054C1043 /* ContentView.swift */ = {isa = PBXFileReference; lastKnownFileType = sourcecode.swift; name = "ContentView.swift"; path = "HlusiKino/ContentView.swift"; sourceTree = "<group>"; };
		1A9E526B329A947776DB4256 /* SettingsView.swift */ = {isa = PBXFileReference; lastKnownFileType = sourcecode.swift; name = "SettingsView.swift"; path = "HlusiKino/SettingsView.swift"; sourceTree = "<group>"; };
		CD975190A86FA67E21F286D3 /* ColorExtension.swift */ = {isa = PBXFileReference; lastKnownFileType = sourcecode.swift; name = "ColorExtension.swift"; path = "HlusiKino/ColorExtension.swift"; sourceTree = "<group>"; };
		1D93ED5D5C262A61D70D9773 /* Profile.swift */ = {isa = PBXFileReference; lastKnownFileType = sourcecode.swift; name = "Profile.swift"; path = "HlusiKino/Models/Profile.swift"; sourceTree = "<group>"; };
		999747D03432987A2BDA1E28 /* MediaItem.swift */ = {isa = PBXFileReference; lastKnownFileType = sourcecode.swift; name = "MediaItem.swift"; path = "HlusiKino/Models/MediaItem.swift"; sourceTree = "<group>"; };
		810857A2285F0B8891C1B31B /* SportChannel.swift */ = {isa = PBXFileReference; lastKnownFileType = sourcecode.swift; name = "SportChannel.swift"; path = "HlusiKino/Models/SportChannel.swift"; sourceTree = "<group>"; };
		CD66ADDFB825E623DDCBDD4D /* EPGEvent.swift */ = {isa = PBXFileReference; lastKnownFileType = sourcecode.swift; name = "EPGEvent.swift"; path = "HlusiKino/Models/EPGEvent.swift"; sourceTree = "<group>"; };
		65C6B43E646D57E0DC26ADEA /* TMDbService.swift */ = {isa = PBXFileReference; lastKnownFileType = sourcecode.swift; name = "TMDbService.swift"; path = "HlusiKino/Services/TMDbService.swift"; sourceTree = "<group>"; };
		EA326EE24B6D328F4BB1D980 /* EPGService.swift */ = {isa = PBXFileReference; lastKnownFileType = sourcecode.swift; name = "EPGService.swift"; path = "HlusiKino/Services/EPGService.swift"; sourceTree = "<group>"; };
		F2287035AD23A35C45195A95 /* StorageService.swift */ = {isa = PBXFileReference; lastKnownFileType = sourcecode.swift; name = "StorageService.swift"; path = "HlusiKino/Services/StorageService.swift"; sourceTree = "<group>"; };
		BAD6090E6D00E21DF151E539 /* ProfileGate.swift */ = {isa = PBXFileReference; lastKnownFileType = sourcecode.swift; name = "ProfileGate.swift"; path = "HlusiKino/Views/Kino/ProfileGate.swift"; sourceTree = "<group>"; };
		5618C65EA4FED0C0AC469A8C /* HomeView.swift */ = {isa = PBXFileReference; lastKnownFileType = sourcecode.swift; name = "HomeView.swift"; path = "HlusiKino/Views/Kino/HomeView.swift"; sourceTree = "<group>"; };
		B8DEE76F11804F72EAFBC4B0 /* SearchView.swift */ = {isa = PBXFileReference; lastKnownFileType = sourcecode.swift; name = "SearchView.swift"; path = "HlusiKino/Views/Kino/SearchView.swift"; sourceTree = "<group>"; };
		4575FCFFE1869BB70625CF82 /* DetailView.swift */ = {isa = PBXFileReference; lastKnownFileType = sourcecode.swift; name = "DetailView.swift"; path = "HlusiKino/Views/Kino/DetailView.swift"; sourceTree = "<group>"; };
		286B861CC521DD125C017101 /* PlayerView.swift */ = {isa = PBXFileReference; lastKnownFileType = sourcecode.swift; name = "PlayerView.swift"; path = "HlusiKino/Views/Kino/PlayerView.swift"; sourceTree = "<group>"; };
		33205B368FF5757D359B2194 /* WatchlistManagerView.swift */ = {isa = PBXFileReference; lastKnownFileType = sourcecode.swift; name = "WatchlistManagerView.swift"; path = "HlusiKino/Views/Kino/WatchlistManagerView.swift"; sourceTree = "<group>"; };
		761C1ADC6210933F81DCC136 /* ImportView.swift */ = {isa = PBXFileReference; lastKnownFileType = sourcecode.swift; name = "ImportView.swift"; path = "HlusiKino/Views/Kino/ImportView.swift"; sourceTree = "<group>"; };
		8DECC957F70D70ADECD04980 /* ChannelListView.swift */ = {isa = PBXFileReference; lastKnownFileType = sourcecode.swift; name = "ChannelListView.swift"; path = "HlusiKino/Views/Sport/ChannelListView.swift"; sourceTree = "<group>"; };
		EAD9DCE76DD8D2CD6E677476 /* ChannelPlayerView.swift */ = {isa = PBXFileReference; lastKnownFileType = sourcecode.swift; name = "ChannelPlayerView.swift"; path = "HlusiKino/Views/Sport/ChannelPlayerView.swift"; sourceTree = "<group>"; };
		32DCF41FD537E373D7552BC9 /* EPGView.swift */ = {isa = PBXFileReference; lastKnownFileType = sourcecode.swift; name = "EPGView.swift"; path = "HlusiKino/Views/Sport/EPGView.swift"; sourceTree = "<group>"; };
		639F82771D22EBFA58F879C6 /* channels.json */ = {isa = PBXFileReference; lastKnownFileType = text.json; name = "channels.json"; path = "HlusiKino/Resources/channels.json"; sourceTree = "<group>"; };
		998A49F6C4AC33F040A831DD /* Contents.json */ = {isa = PBXFileReference; lastKnownFileType = text.json; name = "Contents.json"; path = "HlusiKino/Resources/Assets.xcassets/Contents.json"; sourceTree = "<group>"; };
		0D45005991B38FEFD5F4342C /* Info.plist */ = {isa = PBXFileReference; lastKnownFileType = text.plist.xml; name = "Info.plist"; path = "HlusiKino/Info.plist"; sourceTree = "<group>"; };
		C6697EC5CCFC03708DE24CC3 /* ChannelData.swift */ = {isa = PBXFileReference; lastKnownFileType = sourcecode.swift; name = "ChannelData.swift"; path = "HlusiKino/Models/ChannelData.swift"; sourceTree = "<group>"; };
/* End PBXFileReference section */

/* Begin PBXGroup section */
		9C2ECCECBF1BD235E17368F8 = {
			isa = PBXGroup;
			children = (
				409B91FA75ECAC80859C57AD /* HlusiKinoApp.swift */,
				48095FEB2BEE33A347DE8BA5 /* App.swift */,
				6DA447CE1DCA07AC054C1043 /* ContentView.swift */,
				1A9E526B329A947776DB4256 /* SettingsView.swift */,
				CD975190A86FA67E21F286D3 /* ColorExtension.swift */,
				73844DED71E1D99D63207597 /* Models */,
				25E373960067420AB5012E15 /* Services */,
				3C1EBF6B0BD5602EC5EA544E /* Kino */,
				82BEF6379C88F08C30FD2CFD /* Sport */,
				FFE8D62EBCB495C74DFA5960 /* Resources */,
				0D45005991B38FEFD5F4342C /* Info.plist */,
			);
			sourceTree = "<group>";
		};
		73844DED71E1D99D63207597 = {
			isa = PBXGroup;
			children = (
				1D93ED5D5C262A61D70D9773 /* Profile.swift */,
				999747D03432987A2BDA1E28 /* MediaItem.swift */,
				810857A2285F0B8891C1B31B /* SportChannel.swift */,
				CD66ADDFB825E623DDCBDD4D /* EPGEvent.swift */,
				C6697EC5CCFC03708DE24CC3 /* ChannelData.swift */,
			);
			sourceTree = "<group>";
		};
		25E373960067420AB5012E15 = {
			isa = PBXGroup;
			children = (
				65C6B43E646D57E0DC26ADEA /* TMDbService.swift */,
				EA326EE24B6D328F4BB1D980 /* EPGService.swift */,
				F2287035AD23A35C45195A95 /* StorageService.swift */,
			);
			sourceTree = "<group>";
		};
		3C1EBF6B0BD5602EC5EA544E = {
			isa = PBXGroup;
			children = (
				BAD6090E6D00E21DF151E539 /* ProfileGate.swift */,
				5618C65EA4FED0C0AC469A8C /* HomeView.swift */,
				B8DEE76F11804F72EAFBC4B0 /* SearchView.swift */,
				4575FCFFE1869BB70625CF82 /* DetailView.swift */,
				286B861CC521DD125C017101 /* PlayerView.swift */,
				33205B368FF5757D359B2194 /* WatchlistManagerView.swift */,
				761C1ADC6210933F81DCC136 /* ImportView.swift */,
			);
			sourceTree = "<group>";
		};
		82BEF6379C88F08C30FD2CFD = {
			isa = PBXGroup;
			children = (
				8DECC957F70D70ADECD04980 /* ChannelListView.swift */,
				EAD9DCE76DD8D2CD6E677476 /* ChannelPlayerView.swift */,
				32DCF41FD537E373D7552BC9 /* EPGView.swift */,
			);
			sourceTree = "<group>";
		};
		FFE8D62EBCB495C74DFA5960 = {
			isa = PBXGroup;
			children = (
				639F82771D22EBFA58F879C6 /* channels.json */,
				FBD43D0F2AEDBFC83963FAFC /* Assets.xcassets */,
			);
			sourceTree = "<group>";
		};
		FBD43D0F2AEDBFC83963FAFC = {
			isa = PBXGroup;
			children = (
				998A49F6C4AC33F040A831DD /* Contents.json */,
			);
			sourceTree = "<group>";
		};
		B157BC425EAA5DA43AF902E1 = {
			isa = PBXGroup;
			children = (
				E69A5C86F190C5DEEC829C89 /* HlusiKino.app */,
			);
			sourceTree = "<group>";
		};
/* End PBXGroup section */

/* Begin PBXNativeTarget section */
		741FCBDD1C83C96AFA8F8CE3 /* HlusiKino */ = {
			isa = PBXNativeTarget;
			buildConfigurationList = 54D1BBADC8A4A5F49FC57F02 /* Build configuration list for PBXNativeTarget "HlusiKino" */;
			buildPhases = (21C345CA50C6C8EFECF8525F /* Sources */,);
			buildRules = ();
			dependencies = ();
			name = HlusiKino;
			productName = HlusiKino;
			productReference = E69A5C86F190C5DEEC829C89 /* HlusiKino.app */;
			productType = "com.apple.product-type.application";
		};
/* End PBXNativeTarget section */

/* Begin PBXProject section */
		34FB5269FEF0B936CAAE8C6F /* Project object */ = {
			isa = PBXProject;
			attributes = {
				BuildIndependentTargetsInParallel = 1;
				LastSwiftUpdateCheck = 2600;
				LastUpgradeCheck = 2600;
			};
			buildConfigurationList = 82284CEA5BEA1D7E7BA5EDFF /* Build configuration list for PBXProject "HlusiKino" */;
			compatibilityVersion = "Xcode 14.0";
			developmentRegion = en;
			hasScannedForEncodings = 0;
			knownRegions = (en, Base);
			mainGroup = 9C2ECCECBF1BD235E17368F8;
			productRefGroup = B157BC425EAA5DA43AF902E1 /* Products */;
			projectDirPath = "";
			projectRoot = "";
			targets = (741FCBDD1C83C96AFA8F8CE3 /* HlusiKino */,);
		};
/* End PBXProject section */

/* Begin PBXSourcesBuildPhase section */
		21C345CA50C6C8EFECF8525F /* Sources */ = {
			isa = PBXSourcesBuildPhase;
			buildActionMask = 2147483647;
			files = (
				C19D327B20DE302AF3585BF7 /* HlusiKinoApp.swift in Sources */,
				F9ECE70E0C3A1BE281AC9BD9 /* App.swift in Sources */,
				59147AEBC62832764076280F /* ContentView.swift in Sources */,
				FB3C7F11F420A63C88103C62 /* SettingsView.swift in Sources */,
				09A428D8E2A9C8504BB14065 /* ColorExtension.swift in Sources */,
				B5EB5FE41B4344627C5B2C0C /* Profile.swift in Sources */,
				A7757FC277B248C676356A6E /* MediaItem.swift in Sources */,
				DFBD240D302622C451CFEB68 /* SportChannel.swift in Sources */,
				50F399E4385ABCC8FA3464E0 /* EPGEvent.swift in Sources */,
				76025B29F53121396AC7E3AD /* TMDbService.swift in Sources */,
				1F150601ADFDE67070ECBD45 /* EPGService.swift in Sources */,
				4958512E24851B5801DBE99A /* StorageService.swift in Sources */,
				B3D1E8EC2E1A4A10F46B02E9 /* ProfileGate.swift in Sources */,
				02508380E4D4218436E1E7CD /* HomeView.swift in Sources */,
				47A60ECBCA2B7379ABB7AE4B /* SearchView.swift in Sources */,
				B827F5C0ECCFBB7E0C136A13 /* DetailView.swift in Sources */,
				DEE832439F5504D78FBCAC4C /* PlayerView.swift in Sources */,
				18F8D94472F1A32DE09B61F7 /* WatchlistManagerView.swift in Sources */,
				926FBEF90A6589DBFAB093F2 /* ImportView.swift in Sources */,
				029AE6E42BFEDB173EA84F52 /* ChannelListView.swift in Sources */,
				012D41B6E5A83A0B47E796AD /* ChannelPlayerView.swift in Sources */,
				20BCDFBD31314AB622242502 /* EPGView.swift in Sources */,
				FCF1C02CA7D5002AC68789C0 /* ChannelData.swift in Sources */,
			);
			runOnlyForDeploymentPostprocessing = 0;
		};
/* End PBXSourcesBuildPhase section */

/* Begin XCBuildConfiguration section */
		2A40CD3769585B7C56F51099 /* Debug */ = {
			isa = XCBuildConfiguration;
			buildSettings = {
				ALWAYS_SEARCH_USER_PATHS = NO;
				CLANG_CXX_LANGUAGE_STANDARD = "gnu++20";
				CLANG_ENABLE_MODULES = YES;
				CLANG_ENABLE_OBJC_ARC = YES;
				COPY_PHASE_STRIP = NO;
				ENABLE_STRICT_OBJC_MSGSEND = YES;
				GCC_OPTIMIZATION_LEVEL = 0;
				IPHONEOS_DEPLOYMENT_TARGET = 18.0;
				MTL_ENABLE_DEBUG_INFO = INCLUDE_SOURCE;
				ONLY_ACTIVE_ARCH = YES;
				SDKROOT = iphoneos;
				SWIFT_ACTIVE_COMPILATION_CONDITIONS = DEBUG;
				SWIFT_COMPILATION_MODE = singlefile;
				SWIFT_OPTIMIZATION_LEVEL = "-Onone";
			};
			name = Debug;
		};
		4414FC5603F40ED33260E059 /* Release */ = {
			isa = XCBuildConfiguration;
			buildSettings = {
				ALWAYS_SEARCH_USER_PATHS = NO;
				CLANG_CXX_LANGUAGE_STANDARD = "gnu++20";
				CLANG_ENABLE_MODULES = YES;
				CLANG_ENABLE_OBJC_ARC = YES;
				COPY_PHASE_STRIP = NO;
				ENABLE_NS_ASSERTIONS = NO;
				ENABLE_STRICT_OBJC_MSGSEND = YES;
				GCC_OPTIMIZATION_LEVEL = s;
				IPHONEOS_DEPLOYMENT_TARGET = 18.0;
				MTL_ENABLE_DEBUG_INFO = NO;
				ONLY_ACTIVE_ARCH = NO;
				SDKROOT = iphoneos;
				SWIFT_COMPILATION_MODE = wholemodule;
				SWIFT_OPTIMIZATION_LEVEL = "-O";
			};
			name = Release;
		};
		6D78D5CB60B5A25A9D03C09A /* Debug */ = {
			isa = XCBuildConfiguration;
			buildSettings = {
				ASSETCATALOG_COMPILER_APPICON_NAME = AppIcon;
				CODE_SIGN_IDENTITY = "Apple Development";
				CODE_SIGN_STYLE = Automatic;
				CURRENT_PROJECT_VERSION = 1;
				DEVELOPMENT_TEAM = DF37B9B3J8;
				INFOPLIST_FILE = HlusiKino/Info.plist;
				LD_RUNPATH_SEARCH_PATHS = "$(inherited) @executable_path/Frameworks";
				MARKETING_VERSION = 1.0;
				PRODUCT_BUNDLE_IDENTIFIER = de.henry.HlusiKino;
				PRODUCT_NAME = "$(TARGET_NAME)";
				SWIFT_EMIT_LOC_STRINGS = YES;
				SWIFT_VERSION = 5.0;
				TARGETED_DEVICE_FAMILY = 1;
			};
			name = Debug;
		};
		B6C88A094E99F3CC3395AFEE /* Release */ = {
			isa = XCBuildConfiguration;
			buildSettings = {
				ASSETCATALOG_COMPILER_APPICON_NAME = AppIcon;
				CODE_SIGN_IDENTITY = "Apple Development";
				CODE_SIGN_STYLE = Automatic;
				CURRENT_PROJECT_VERSION = 1;
				DEVELOPMENT_TEAM = DF37B9B3J8;
				INFOPLIST_FILE = HlusiKino/Info.plist;
				LD_RUNPATH_SEARCH_PATHS = "$(inherited) @executable_path/Frameworks";
				MARKETING_VERSION = 1.0;
				PRODUCT_BUNDLE_IDENTIFIER = de.henry.HlusiKino;
				PRODUCT_NAME = "$(TARGET_NAME)";
				SWIFT_EMIT_LOC_STRINGS = YES;
				SWIFT_VERSION = 5.0;
				TARGETED_DEVICE_FAMILY = 1;
			};
			name = Release;
		};
/* End XCBuildConfiguration section */

/* Begin XCConfigurationList section */
		82284CEA5BEA1D7E7BA5EDFF /* Build configuration list for PBXProject "HlusiKino" */ = {
			isa = XCConfigurationList;
			buildConfigurations = (
				2A40CD3769585B7C56F51099 /* Debug */,
				4414FC5603F40ED33260E059 /* Release */,
			);
			defaultConfigurationIsVisible = 0;
			defaultConfigurationName = Release;
		};
		54D1BBADC8A4A5F49FC57F02 /* Build configuration list for PBXNativeTarget "HlusiKino" */ = {
			isa = XCConfigurationList;
			buildConfigurations = (
				6D78D5CB60B5A25A9D03C09A /* Debug */,
				B6C88A094E99F3CC3395AFEE /* Release */,
			);
			defaultConfigurationIsVisible = 0;
			defaultConfigurationName = Release;
		};
/* End XCConfigurationList section */

	};
	rootObject = 34FB5269FEF0B936CAAE8C6F /* Project object */;
}